
Microsoft Visual Studio Solution File, Format Version 12.00
# Visual Studio Version 17
VisualStudioVersion = 17.14.36221.1 d17.14
MinimumVisualStudioVersion = 10.0.40219.1
Project("{FAE04EC0-301F-11D3-BF4B-00C04F79EFBC}") = "SGC-UNAPEC", "SGC-UNAPEC\SGC-UNAPEC.csproj", "{9742E8BF-10A2-439C-B528-FAD7015E9F6E}"
EndProject
Global
	GlobalSection(SolutionConfigurationPlatforms) = preSolution
		Debug|Any CPU = Debug|Any CPU
		Release|Any CPU = Release|Any CPU
	EndGlobalSection
	GlobalSection(ProjectConfigurationPlatforms) = postSolution
		{9742E8BF-10A2-439C-B528-FAD7015E9F6E}.Debug|Any CPU.ActiveCfg = Debug|Any CPU
		{9742E8BF-10A2-439C-B528-FAD7015E9F6E}.Debug|Any CPU.Build.0 = Debug|Any CPU
		{9742E8BF-10A2-439C-B528-FAD7015E9F6E}.Release|Any CPU.ActiveCfg = Release|Any CPU
		{9742E8BF-10A2-439C-B528-FAD7015E9F6E}.Release|Any CPU.Build.0 = Release|Any CPU
	EndGlobalSection
	GlobalSection(SolutionProperties) = preSolution
		HideSolutionNode = FALSE
	EndGlobalSection
	GlobalSection(ExtensibilityGlobals) = postSolution
		SolutionGuid = {98518652-DA3E-4CE6-B02E-3B649A407DD3}
	EndGlobalSection
EndGlobal
